
Microsoft Visual Studio Solution File, Format Version 12.00
# Visual Studio 15
VisualStudioVersion = 15.0.27130.2020
MinimumVisualStudioVersion = 10.0.40219.1
Project("{F2A71F9B-5D33-465A-A702-920D77279786}") = "FParser", "FParser\FParser.fsproj", "{A5CF129A-8DD0-46B9-A3BF-61BC83AB0A4A}"
EndProject
Project("{F2A71F9B-5D33-465A-A702-920D77279786}") = "Parserator", "Parserator\Parserator.fsproj", "{762A586B-0621-4569-893D-8CF8767377FA}"
EndProject
Project("{F2A71F9B-5D33-465A-A702-920D77279786}") = "Provider", "Provider\Provider.fsproj", "{2B0B043B-10AB-410F-915B-70FCA37B3BA6}"
EndProject
Global
	GlobalSection(SolutionConfigurationPlatforms) = preSolution
		Debug|Any CPU = Debug|Any CPU
		Release|Any CPU = Release|Any CPU
	EndGlobalSection
	GlobalSection(ProjectConfigurationPlatforms) = postSolution
		{A5CF129A-8DD0-46B9-A3BF-61BC83AB0A4A}.Debug|Any CPU.ActiveCfg = Debug|Any CPU
		{A5CF129A-8DD0-46B9-A3BF-61BC83AB0A4A}.Release|Any CPU.ActiveCfg = Release|Any CPU
		{A5CF129A-8DD0-46B9-A3BF-61BC83AB0A4A}.Release|Any CPU.Build.0 = Release|Any CPU
		{762A586B-0621-4569-893D-8CF8767377FA}.Debug|Any CPU.ActiveCfg = Debug|Any CPU
		{762A586B-0621-4569-893D-8CF8767377FA}.Debug|Any CPU.Build.0 = Debug|Any CPU
		{762A586B-0621-4569-893D-8CF8767377FA}.Release|Any CPU.ActiveCfg = Release|Any CPU
		{762A586B-0621-4569-893D-8CF8767377FA}.Release|Any CPU.Build.0 = Release|Any CPU
		{2B0B043B-10AB-410F-915B-70FCA37B3BA6}.Debug|Any CPU.ActiveCfg = Debug|Any CPU
		{2B0B043B-10AB-410F-915B-70FCA37B3BA6}.Release|Any CPU.ActiveCfg = Release|Any CPU
		{2B0B043B-10AB-410F-915B-70FCA37B3BA6}.Release|Any CPU.Build.0 = Release|Any CPU
	EndGlobalSection
	GlobalSection(SolutionProperties) = preSolution
		HideSolutionNode = FALSE
	EndGlobalSection
	GlobalSection(ExtensibilityGlobals) = postSolution
		SolutionGuid = {ACB2C3D0-350C-47F5-A3FD-1EDBD07930E2}
	EndGlobalSection
EndGlobal
